
Microsoft Visual Studio Solution File, Format Version 12.00
# Visual Studio Version 17
VisualStudioVersion = 17.4.33213.308
MinimumVisualStudioVersion = 10.0.40219.1
Project("{9A19103F-16F7-4668-BE54-9A1E7A4F7556}") = "Nodify.Avalonia", "Nodify.Avalonia\Nodify.Avalonia.csproj", "{91198B50-8519-438E-8F88-A466AB3A2D6A}"
EndProject
Project("{9A19103F-16F7-4668-BE54-9A1E7A4F7556}") = "Nodify.Avalonia.Calculator", "Nodify.Avalonia.Calculator\Nodify.Avalonia.Calculator.csproj", "{3D2A744A-4FC4-49DA-97C9-65BD070EE44A}"
EndProject
Project("{9A19103F-16F7-4668-BE54-9A1E7A4F7556}") = "Nodify.Avalonia.Playground", "Nodify.Avalonia.Playground\Nodify.Avalonia.Playground.csproj", "{A27F9458-2CC5-4CF1-B95A-4D372F578E6F}"
EndProject
Project("{FAE04EC0-301F-11D3-BF4B-00C04F79EFBC}") = "Nodify.Avalonia.Shared", "Nodify.Avalonia.Shared\Nodify.Avalonia.Shared.csproj", "{DCDD9538-F6C5-4E6C-B986-9A004F8032E2}"
EndProject
Global
	GlobalSection(SolutionConfigurationPlatforms) = preSolution
		Debug|Any CPU = Debug|Any CPU
		Release|Any CPU = Release|Any CPU
	EndGlobalSection
	GlobalSection(ProjectConfigurationPlatforms) = postSolution
		{91198B50-8519-438E-8F88-A466AB3A2D6A}.Debug|Any CPU.ActiveCfg = Debug|Any CPU
		{91198B50-8519-438E-8F88-A466AB3A2D6A}.Debug|Any CPU.Build.0 = Debug|Any CPU
		{91198B50-8519-438E-8F88-A466AB3A2D6A}.Release|Any CPU.ActiveCfg = Release|Any CPU
		{91198B50-8519-438E-8F88-A466AB3A2D6A}.Release|Any CPU.Build.0 = Release|Any CPU
		{3D2A744A-4FC4-49DA-97C9-65BD070EE44A}.Debug|Any CPU.ActiveCfg = Debug|Any CPU
		{3D2A744A-4FC4-49DA-97C9-65BD070EE44A}.Debug|Any CPU.Build.0 = Debug|Any CPU
		{3D2A744A-4FC4-49DA-97C9-65BD070EE44A}.Release|Any CPU.ActiveCfg = Release|Any CPU
		{3D2A744A-4FC4-49DA-97C9-65BD070EE44A}.Release|Any CPU.Build.0 = Release|Any CPU
		{A27F9458-2CC5-4CF1-B95A-4D372F578E6F}.Debug|Any CPU.ActiveCfg = Debug|Any CPU
		{A27F9458-2CC5-4CF1-B95A-4D372F578E6F}.Debug|Any CPU.Build.0 = Debug|Any CPU
		{A27F9458-2CC5-4CF1-B95A-4D372F578E6F}.Release|Any CPU.ActiveCfg = Release|Any CPU
		{A27F9458-2CC5-4CF1-B95A-4D372F578E6F}.Release|Any CPU.Build.0 = Release|Any CPU
		{DCDD9538-F6C5-4E6C-B986-9A004F8032E2}.Debug|Any CPU.ActiveCfg = Debug|Any CPU
		{DCDD9538-F6C5-4E6C-B986-9A004F8032E2}.Debug|Any CPU.Build.0 = Debug|Any CPU
		{DCDD9538-F6C5-4E6C-B986-9A004F8032E2}.Release|Any CPU.ActiveCfg = Release|Any CPU
		{DCDD9538-F6C5-4E6C-B986-9A004F8032E2}.Release|Any CPU.Build.0 = Release|Any CPU
	EndGlobalSection
	GlobalSection(SolutionProperties) = preSolution
		HideSolutionNode = FALSE
	EndGlobalSection
	GlobalSection(ExtensibilityGlobals) = postSolution
		SolutionGuid = {67844AB6-5416-4500-A279-8F2320C579C6}
	EndGlobalSection
EndGlobal
